
Microsoft Visual Studio Solution File, Format Version 12.00
# Visual Studio Version 17
VisualStudioVersion = 17.4.33122.133
MinimumVisualStudioVersion = 10.0.40219.1
Project("{FAE04EC0-301F-11D3-BF4B-00C04F79EFBC}") = "ClientBaseControlWebApp", "ClientBaseControlWebApp\ClientBaseControlWebApp.csproj", "{C882829E-B7B3-4558-8441-5D2736127765}"
EndProject
Global
	GlobalSection(SolutionConfigurationPlatforms) = preSolution
		Debug|Any CPU = Debug|Any CPU
		Release|Any CPU = Release|Any CPU
	EndGlobalSection
	GlobalSection(ProjectConfigurationPlatforms) = postSolution
		{C882829E-B7B3-4558-8441-5D2736127765}.Debug|Any CPU.ActiveCfg = Debug|Any CPU
		{C882829E-B7B3-4558-8441-5D2736127765}.Debug|Any CPU.Build.0 = Debug|Any CPU
		{C882829E-B7B3-4558-8441-5D2736127765}.Release|Any CPU.ActiveCfg = Release|Any CPU
		{C882829E-B7B3-4558-8441-5D2736127765}.Release|Any CPU.Build.0 = Release|Any CPU
	EndGlobalSection
	GlobalSection(SolutionProperties) = preSolution
		HideSolutionNode = FALSE
	EndGlobalSection
	GlobalSection(ExtensibilityGlobals) = postSolution
		SolutionGuid = {09BE4E7F-819A-41F2-A394-3FEC2F4B98ED}
	EndGlobalSection
EndGlobal
